
Microsoft Visual Studio Solution File, Format Version 12.00
# Visual Studio Version 17
VisualStudioVersion = 17.6.33815.320
MinimumVisualStudioVersion = 10.0.40219.1
Project("{FAE04EC0-301F-11D3-BF4B-00C04F79EFBC}") = "Big_Project_cs", "Big_Project_cs\Big_Project_cs.csproj", "{1991D9F1-7F4D-4DCD-A26C-004615E256D7}"
EndProject
Project("{FAE04EC0-301F-11D3-BF4B-00C04F79EFBC}") = "001_First_Program", "001_First_Program\001_First_Program.csproj", "{E66CAB4C-10DC-4714-8C01-34746067159D}"
EndProject
Project("{FAE04EC0-301F-11D3-BF4B-00C04F79EFBC}") = "002_struct_program", "002_struct_program\002_struct_program.csproj", "{FE7D387B-5521-47BF-8F6A-03B2ECB11D82}"
EndProject
Project("{FAE04EC0-301F-11D3-BF4B-00C04F79EFBC}") = "003_type_data", "003_type_data\003_type_data.csproj", "{173AAA97-B92F-4968-8018-2FDB81965BBE}"
EndProject
Project("{FAE04EC0-301F-11D3-BF4B-00C04F79EFBC}") = "004_variable", "004_variable\004_variable.csproj", "{547D3CDB-EEDE-48FE-96D1-D4796F105168}"
EndProject
Project("{FAE04EC0-301F-11D3-BF4B-00C04F79EFBC}") = "005_input_data", "005_input_data\005_input_data.csproj", "{80998ED0-5BA4-4ED5-BB43-50292E646BF7}"
EndProject
Project("{FAE04EC0-301F-11D3-BF4B-00C04F79EFBC}") = "006_convert", "006_convert\006_convert.csproj", "{366381A0-E8ED-40F4-BCB4-34C1EDBF2F5E}"
EndProject
Project("{FAE04EC0-301F-11D3-BF4B-00C04F79EFBC}") = "007_parse_tryparse", "007_parse_tryparse\007_parse_tryparse.csproj", "{1399D60D-8ECB-4624-A009-789CF3F338CD}"
EndProject
Project("{FAE04EC0-301F-11D3-BF4B-00C04F79EFBC}") = "008_arithmetic_operator", "008_arithmetic_operator\008_arithmetic_operator.csproj", "{6E44A93C-89FD-4E60-9E31-325A980D4EE4}"
EndProject
Project("{FAE04EC0-301F-11D3-BF4B-00C04F79EFBC}") = "009_priority", "009_priority\009_priority.csproj", "{4C1689E0-29C0-4E08-B90D-5E76DDC6C540}"
EndProject
Project("{FAE04EC0-301F-11D3-BF4B-00C04F79EFBC}") = "011_increment_decrement", "011_increment_decrement\011_increment_decrement.csproj", "{0CEFFFFC-5F6A-406F-A9F4-D804318BFC91}"
EndProject
Project("{FAE04EC0-301F-11D3-BF4B-00C04F79EFBC}") = "012_СomparisonSravnenie", "012_СomparisonSravnenie\012_СomparisonSravnenie.csproj", "{054AEEE7-4981-4277-94B5-C1F61723D44F}"
EndProject
Project("{FAE04EC0-301F-11D3-BF4B-00C04F79EFBC}") = "013_if_else", "013_if_else\013_if_else.csproj", "{2D4DBE4D-4853-4221-A848-0D2CF1E28B33}"
EndProject
Project("{FAE04EC0-301F-11D3-BF4B-00C04F79EFBC}") = "014_Logical_Operators", "014_Logical_Operators\014_Logical_Operators.csproj", "{9DFFA46E-BC41-4365-9C93-F0E164B77CE4}"
EndProject
Project("{FAE04EC0-301F-11D3-BF4B-00C04F79EFBC}") = "015_switch", "015_switch\015_switch.csproj", "{CDC45876-DBF0-4CBD-8664-168820FE2D05}"
EndProject
Project("{FAE04EC0-301F-11D3-BF4B-00C04F79EFBC}") = "008_DZ", "008_DZ\008_DZ.csproj", "{85E854E7-CD57-4538-A13F-03009408A513}"
EndProject
Project("{FAE04EC0-301F-11D3-BF4B-00C04F79EFBC}") = "013_DZ", "013_DZ\013_DZ.csproj", "{D4E68F7E-0746-4731-9AF6-72F616E4D68B}"
EndProject
Project("{FAE04EC0-301F-11D3-BF4B-00C04F79EFBC}") = "015_DZ_calc", "015_DZ_calc\015_DZ_calc.csproj", "{3CCA9B4F-4006-456A-93CC-96D3C6D308C7}"
EndProject
Project("{FAE04EC0-301F-11D3-BF4B-00C04F79EFBC}") = "016_while", "016_while\016_while.csproj", "{FDA8523B-100B-4DF1-A07F-47E342EACA06}"
EndProject
Project("{FAE04EC0-301F-11D3-BF4B-00C04F79EFBC}") = "017_do_while", "017_do_while\017_do_while.csproj", "{31B53F95-30D0-4EA7-BF8A-A6362EA50F8E}"
EndProject
Project("{FAE04EC0-301F-11D3-BF4B-00C04F79EFBC}") = "016_DZ_sum_and_EVEN_and_ODD", "016_DZ_sum_and_EVEN_and_ODD\016_DZ_sum_and_EVEN_and_ODD.csproj", "{C2354E5F-79E7-43D5-941A-88AC406BC959}"
EndProject
Project("{FAE04EC0-301F-11D3-BF4B-00C04F79EFBC}") = "018_for", "018_for\018_for.csproj", "{A3A654DE-ACC0-4872-BC05-28274798688B}"
EndProject
Project("{FAE04EC0-301F-11D3-BF4B-00C04F79EFBC}") = "019_for_reverse", "019_for_reverse\019_for_reverse.csproj", "{1397639D-FB0D-441B-BCB9-6C42426527DC}"
EndProject
Project("{FAE04EC0-301F-11D3-BF4B-00C04F79EFBC}") = "020_BREAK", "020_BREAK\020_BREAK.csproj", "{BE237080-FC57-42FA-B2F1-427FFB5428AF}"
EndProject
Project("{FAE04EC0-301F-11D3-BF4B-00C04F79EFBC}") = "021_continue", "021_continue\021_continue.csproj", "{D5B72CB9-C6B6-451F-8535-4A1FD6EE04D4}"
EndProject
Global
	GlobalSection(SolutionConfigurationPlatforms) = preSolution
		Debug|Any CPU = Debug|Any CPU
		Release|Any CPU = Release|Any CPU
	EndGlobalSection
	GlobalSection(ProjectConfigurationPlatforms) = postSolution
		{1991D9F1-7F4D-4DCD-A26C-004615E256D7}.Debug|Any CPU.ActiveCfg = Debug|Any CPU
		{1991D9F1-7F4D-4DCD-A26C-004615E256D7}.Debug|Any CPU.Build.0 = Debug|Any CPU
		{1991D9F1-7F4D-4DCD-A26C-004615E256D7}.Release|Any CPU.ActiveCfg = Release|Any CPU
		{1991D9F1-7F4D-4DCD-A26C-004615E256D7}.Release|Any CPU.Build.0 = Release|Any CPU
		{E66CAB4C-10DC-4714-8C01-34746067159D}.Debug|Any CPU.ActiveCfg = Debug|Any CPU
		{E66CAB4C-10DC-4714-8C01-34746067159D}.Debug|Any CPU.Build.0 = Debug|Any CPU
		{E66CAB4C-10DC-4714-8C01-34746067159D}.Release|Any CPU.ActiveCfg = Release|Any CPU
		{E66CAB4C-10DC-4714-8C01-34746067159D}.Release|Any CPU.Build.0 = Release|Any CPU
		{FE7D387B-5521-47BF-8F6A-03B2ECB11D82}.Debug|Any CPU.ActiveCfg = Debug|Any CPU
		{FE7D387B-5521-47BF-8F6A-03B2ECB11D82}.Debug|Any CPU.Build.0 = Debug|Any CPU
		{FE7D387B-5521-47BF-8F6A-03B2ECB11D82}.Release|Any CPU.ActiveCfg = Release|Any CPU
		{FE7D387B-5521-47BF-8F6A-03B2ECB11D82}.Release|Any CPU.Build.0 = Release|Any CPU
		{173AAA97-B92F-4968-8018-2FDB81965BBE}.Debug|Any CPU.ActiveCfg = Debug|Any CPU
		{173AAA97-B92F-4968-8018-2FDB81965BBE}.Debug|Any CPU.Build.0 = Debug|Any CPU
		{173AAA97-B92F-4968-8018-2FDB81965BBE}.Release|Any CPU.ActiveCfg = Release|Any CPU
		{173AAA97-B92F-4968-8018-2FDB81965BBE}.Release|Any CPU.Build.0 = Release|Any CPU
		{547D3CDB-EEDE-48FE-96D1-D4796F105168}.Debug|Any CPU.ActiveCfg = Debug|Any CPU
		{547D3CDB-EEDE-48FE-96D1-D4796F105168}.Debug|Any CPU.Build.0 = Debug|Any CPU
		{547D3CDB-EEDE-48FE-96D1-D4796F105168}.Release|Any CPU.ActiveCfg = Release|Any CPU
		{547D3CDB-EEDE-48FE-96D1-D4796F105168}.Release|Any CPU.Build.0 = Release|Any CPU
		{80998ED0-5BA4-4ED5-BB43-50292E646BF7}.Debug|Any CPU.ActiveCfg = Debug|Any CPU
		{80998ED0-5BA4-4ED5-BB43-50292E646BF7}.Debug|Any CPU.Build.0 = Debug|Any CPU
		{80998ED0-5BA4-4ED5-BB43-50292E646BF7}.Release|Any CPU.ActiveCfg = Release|Any CPU
		{80998ED0-5BA4-4ED5-BB43-50292E646BF7}.Release|Any CPU.Build.0 = Release|Any CPU
		{366381A0-E8ED-40F4-BCB4-34C1EDBF2F5E}.Debug|Any CPU.ActiveCfg = Debug|Any CPU
		{366381A0-E8ED-40F4-BCB4-34C1EDBF2F5E}.Debug|Any CPU.Build.0 = Debug|Any CPU
		{366381A0-E8ED-40F4-BCB4-34C1EDBF2F5E}.Release|Any CPU.ActiveCfg = Release|Any CPU
		{366381A0-E8ED-40F4-BCB4-34C1EDBF2F5E}.Release|Any CPU.Build.0 = Release|Any CPU
		{1399D60D-8ECB-4624-A009-789CF3F338CD}.Debug|Any CPU.ActiveCfg = Debug|Any CPU
		{1399D60D-8ECB-4624-A009-789CF3F338CD}.Debug|Any CPU.Build.0 = Debug|Any CPU
		{1399D60D-8ECB-4624-A009-789CF3F338CD}.Release|Any CPU.ActiveCfg = Release|Any CPU
		{1399D60D-8ECB-4624-A009-789CF3F338CD}.Release|Any CPU.Build.0 = Release|Any CPU
		{6E44A93C-89FD-4E60-9E31-325A980D4EE4}.Debug|Any CPU.ActiveCfg = Debug|Any CPU
		{6E44A93C-89FD-4E60-9E31-325A980D4EE4}.Debug|Any CPU.Build.0 = Debug|Any CPU
		{6E44A93C-89FD-4E60-9E31-325A980D4EE4}.Release|Any CPU.ActiveCfg = Release|Any CPU
		{6E44A93C-89FD-4E60-9E31-325A980D4EE4}.Release|Any CPU.Build.0 = Release|Any CPU
		{4C1689E0-29C0-4E08-B90D-5E76DDC6C540}.Debug|Any CPU.ActiveCfg = Debug|Any CPU
		{4C1689E0-29C0-4E08-B90D-5E76DDC6C540}.Debug|Any CPU.Build.0 = Debug|Any CPU
		{4C1689E0-29C0-4E08-B90D-5E76DDC6C540}.Release|Any CPU.ActiveCfg = Release|Any CPU
		{4C1689E0-29C0-4E08-B90D-5E76DDC6C540}.Release|Any CPU.Build.0 = Release|Any CPU
		{0CEFFFFC-5F6A-406F-A9F4-D804318BFC91}.Debug|Any CPU.ActiveCfg = Debug|Any CPU
		{0CEFFFFC-5F6A-406F-A9F4-D804318BFC91}.Debug|Any CPU.Build.0 = Debug|Any CPU
		{0CEFFFFC-5F6A-406F-A9F4-D804318BFC91}.Release|Any CPU.ActiveCfg = Release|Any CPU
		{0CEFFFFC-5F6A-406F-A9F4-D804318BFC91}.Release|Any CPU.Build.0 = Release|Any CPU
		{054AEEE7-4981-4277-94B5-C1F61723D44F}.Debug|Any CPU.ActiveCfg = Debug|Any CPU
		{054AEEE7-4981-4277-94B5-C1F61723D44F}.Debug|Any CPU.Build.0 = Debug|Any CPU
		{054AEEE7-4981-4277-94B5-C1F61723D44F}.Release|Any CPU.ActiveCfg = Release|Any CPU
		{054AEEE7-4981-4277-94B5-C1F61723D44F}.Release|Any CPU.Build.0 = Release|Any CPU
		{2D4DBE4D-4853-4221-A848-0D2CF1E28B33}.Debug|Any CPU.ActiveCfg = Debug|Any CPU
		{2D4DBE4D-4853-4221-A848-0D2CF1E28B33}.Debug|Any CPU.Build.0 = Debug|Any CPU
		{2D4DBE4D-4853-4221-A848-0D2CF1E28B33}.Release|Any CPU.ActiveCfg = Release|Any CPU
		{2D4DBE4D-4853-4221-A848-0D2CF1E28B33}.Release|Any CPU.Build.0 = Release|Any CPU
		{9DFFA46E-BC41-4365-9C93-F0E164B77CE4}.Debug|Any CPU.ActiveCfg = Debug|Any CPU
		{9DFFA46E-BC41-4365-9C93-F0E164B77CE4}.Debug|Any CPU.Build.0 = Debug|Any CPU
		{9DFFA46E-BC41-4365-9C93-F0E164B77CE4}.Release|Any CPU.ActiveCfg = Release|Any CPU
		{9DFFA46E-BC41-4365-9C93-F0E164B77CE4}.Release|Any CPU.Build.0 = Release|Any CPU
		{CDC45876-DBF0-4CBD-8664-168820FE2D05}.Debug|Any CPU.ActiveCfg = Debug|Any CPU
		{CDC45876-DBF0-4CBD-8664-168820FE2D05}.Debug|Any CPU.Build.0 = Debug|Any CPU
		{CDC45876-DBF0-4CBD-8664-168820FE2D05}.Release|Any CPU.ActiveCfg = Release|Any CPU
		{CDC45876-DBF0-4CBD-8664-168820FE2D05}.Release|Any CPU.Build.0 = Release|Any CPU
		{85E854E7-CD57-4538-A13F-03009408A513}.Debug|Any CPU.ActiveCfg = Debug|Any CPU
		{85E854E7-CD57-4538-A13F-03009408A513}.Debug|Any CPU.Build.0 = Debug|Any CPU
		{85E854E7-CD57-4538-A13F-03009408A513}.Release|Any CPU.ActiveCfg = Release|Any CPU
		{85E854E7-CD57-4538-A13F-03009408A513}.Release|Any CPU.Build.0 = Release|Any CPU
		{D4E68F7E-0746-4731-9AF6-72F616E4D68B}.Debug|Any CPU.ActiveCfg = Debug|Any CPU
		{D4E68F7E-0746-4731-9AF6-72F616E4D68B}.Debug|Any CPU.Build.0 = Debug|Any CPU
		{D4E68F7E-0746-4731-9AF6-72F616E4D68B}.Release|Any CPU.ActiveCfg = Release|Any CPU
		{D4E68F7E-0746-4731-9AF6-72F616E4D68B}.Release|Any CPU.Build.0 = Release|Any CPU
		{3CCA9B4F-4006-456A-93CC-96D3C6D308C7}.Debug|Any CPU.ActiveCfg = Debug|Any CPU
		{3CCA9B4F-4006-456A-93CC-96D3C6D308C7}.Debug|Any CPU.Build.0 = Debug|Any CPU
		{3CCA9B4F-4006-456A-93CC-96D3C6D308C7}.Release|Any CPU.ActiveCfg = Release|Any CPU
		{3CCA9B4F-4006-456A-93CC-96D3C6D308C7}.Release|Any CPU.Build.0 = Release|Any CPU
		{FDA8523B-100B-4DF1-A07F-47E342EACA06}.Debug|Any CPU.ActiveCfg = Debug|Any CPU
		{FDA8523B-100B-4DF1-A07F-47E342EACA06}.Debug|Any CPU.Build.0 = Debug|Any CPU
		{FDA8523B-100B-4DF1-A07F-47E342EACA06}.Release|Any CPU.ActiveCfg = Release|Any CPU
		{FDA8523B-100B-4DF1-A07F-47E342EACA06}.Release|Any CPU.Build.0 = Release|Any CPU
		{31B53F95-30D0-4EA7-BF8A-A6362EA50F8E}.Debug|Any CPU.ActiveCfg = Debug|Any CPU
		{31B53F95-30D0-4EA7-BF8A-A6362EA50F8E}.Debug|Any CPU.Build.0 = Debug|Any CPU
		{31B53F95-30D0-4EA7-BF8A-A6362EA50F8E}.Release|Any CPU.ActiveCfg = Release|Any CPU
		{31B53F95-30D0-4EA7-BF8A-A6362EA50F8E}.Release|Any CPU.Build.0 = Release|Any CPU
		{C2354E5F-79E7-43D5-941A-88AC406BC959}.Debug|Any CPU.ActiveCfg = Debug|Any CPU
		{C2354E5F-79E7-43D5-941A-88AC406BC959}.Debug|Any CPU.Build.0 = Debug|Any CPU
		{C2354E5F-79E7-43D5-941A-88AC406BC959}.Release|Any CPU.ActiveCfg = Release|Any CPU
		{C2354E5F-79E7-43D5-941A-88AC406BC959}.Release|Any CPU.Build.0 = Release|Any CPU
		{A3A654DE-ACC0-4872-BC05-28274798688B}.Debug|Any CPU.ActiveCfg = Debug|Any CPU
		{A3A654DE-ACC0-4872-BC05-28274798688B}.Debug|Any CPU.Build.0 = Debug|Any CPU
		{A3A654DE-ACC0-4872-BC05-28274798688B}.Release|Any CPU.ActiveCfg = Release|Any CPU
		{A3A654DE-ACC0-4872-BC05-28274798688B}.Release|Any CPU.Build.0 = Release|Any CPU
		{1397639D-FB0D-441B-BCB9-6C42426527DC}.Debug|Any CPU.ActiveCfg = Debug|Any CPU
		{1397639D-FB0D-441B-BCB9-6C42426527DC}.Debug|Any CPU.Build.0 = Debug|Any CPU
		{1397639D-FB0D-441B-BCB9-6C42426527DC}.Release|Any CPU.ActiveCfg = Release|Any CPU
		{1397639D-FB0D-441B-BCB9-6C42426527DC}.Release|Any CPU.Build.0 = Release|Any CPU
		{BE237080-FC57-42FA-B2F1-427FFB5428AF}.Debug|Any CPU.ActiveCfg = Debug|Any CPU
		{BE237080-FC57-42FA-B2F1-427FFB5428AF}.Debug|Any CPU.Build.0 = Debug|Any CPU
		{BE237080-FC57-42FA-B2F1-427FFB5428AF}.Release|Any CPU.ActiveCfg = Release|Any CPU
		{BE237080-FC57-42FA-B2F1-427FFB5428AF}.Release|Any CPU.Build.0 = Release|Any CPU
		{D5B72CB9-C6B6-451F-8535-4A1FD6EE04D4}.Debug|Any CPU.ActiveCfg = Debug|Any CPU
		{D5B72CB9-C6B6-451F-8535-4A1FD6EE04D4}.Debug|Any CPU.Build.0 = Debug|Any CPU
		{D5B72CB9-C6B6-451F-8535-4A1FD6EE04D4}.Release|Any CPU.ActiveCfg = Release|Any CPU
		{D5B72CB9-C6B6-451F-8535-4A1FD6EE04D4}.Release|Any CPU.Build.0 = Release|Any CPU
	EndGlobalSection
	GlobalSection(SolutionProperties) = preSolution
		HideSolutionNode = FALSE
	EndGlobalSection
	GlobalSection(ExtensibilityGlobals) = postSolution
		SolutionGuid = {97AF92A7-EF77-4BF5-8D6C-02606431B47B}
	EndGlobalSection
EndGlobal
